
Microsoft Visual Studio Solution File, Format Version 12.00
# Visual Studio Version 16
VisualStudioVersion = 16.0.29920.165
MinimumVisualStudioVersion = 10.0.40219.1
Project("{FAE04EC0-301F-11D3-BF4B-00C04F79EFBC}") = "RUAP_LV4", "RUAP_LV4\RUAP_LV4.csproj", "{9E7B296B-230A-4269-BCA6-8F6194DF1ECD}"
EndProject
Global
	GlobalSection(SolutionConfigurationPlatforms) = preSolution
		Debug|Any CPU = Debug|Any CPU
		Release|Any CPU = Release|Any CPU
	EndGlobalSection
	GlobalSection(ProjectConfigurationPlatforms) = postSolution
		{9E7B296B-230A-4269-BCA6-8F6194DF1ECD}.Debug|Any CPU.ActiveCfg = Debug|Any CPU
		{9E7B296B-230A-4269-BCA6-8F6194DF1ECD}.Debug|Any CPU.Build.0 = Debug|Any CPU
		{9E7B296B-230A-4269-BCA6-8F6194DF1ECD}.Release|Any CPU.ActiveCfg = Release|Any CPU
		{9E7B296B-230A-4269-BCA6-8F6194DF1ECD}.Release|Any CPU.Build.0 = Release|Any CPU
	EndGlobalSection
	GlobalSection(SolutionProperties) = preSolution
		HideSolutionNode = FALSE
	EndGlobalSection
	GlobalSection(ExtensibilityGlobals) = postSolution
		SolutionGuid = {1B0797EA-1199-4F3C-BB76-1BA7C4C084BD}
	EndGlobalSection
EndGlobal
